
Microsoft Visual Studio Solution File, Format Version 12.00
# Visual Studio Version 17
VisualStudioVersion = 17.9.34622.214
MinimumVisualStudioVersion = 10.0.40219.1
Project("{FAE04EC0-301F-11D3-BF4B-00C04F79EFBC}") = "API", "API\API.csproj", "{0ED14B95-7C87-4959-9CC8-7CABB150305D}"
EndProject
Project("{FAE04EC0-301F-11D3-BF4B-00C04F79EFBC}") = "Tests", "Tests\Tests.csproj", "{3310B4B0-2BE4-4775-9AF0-3FCD888C91A7}"
EndProject
Global
	GlobalSection(SolutionConfigurationPlatforms) = preSolution
		Debug|Any CPU = Debug|Any CPU
		Release|Any CPU = Release|Any CPU
	EndGlobalSection
	GlobalSection(ProjectConfigurationPlatforms) = postSolution
		{0ED14B95-7C87-4959-9CC8-7CABB150305D}.Debug|Any CPU.ActiveCfg = Debug|Any CPU
		{0ED14B95-7C87-4959-9CC8-7CABB150305D}.Debug|Any CPU.Build.0 = Debug|Any CPU
		{0ED14B95-7C87-4959-9CC8-7CABB150305D}.Release|Any CPU.ActiveCfg = Release|Any CPU
		{0ED14B95-7C87-4959-9CC8-7CABB150305D}.Release|Any CPU.Build.0 = Release|Any CPU
		{3310B4B0-2BE4-4775-9AF0-3FCD888C91A7}.Debug|Any CPU.ActiveCfg = Debug|Any CPU
		{3310B4B0-2BE4-4775-9AF0-3FCD888C91A7}.Debug|Any CPU.Build.0 = Debug|Any CPU
		{3310B4B0-2BE4-4775-9AF0-3FCD888C91A7}.Release|Any CPU.ActiveCfg = Release|Any CPU
		{3310B4B0-2BE4-4775-9AF0-3FCD888C91A7}.Release|Any CPU.Build.0 = Release|Any CPU
	EndGlobalSection
	GlobalSection(SolutionProperties) = preSolution
		HideSolutionNode = FALSE
	EndGlobalSection
	GlobalSection(ExtensibilityGlobals) = postSolution
		SolutionGuid = {E4058D94-07CC-4103-9141-7CFD9551762A}
	EndGlobalSection
EndGlobal
